
Microsoft Visual Studio Solution File, Format Version 12.00
# Visual Studio Version 17
VisualStudioVersion = 17.7.34221.43
MinimumVisualStudioVersion = 10.0.40219.1
Project("{FAE04EC0-301F-11D3-BF4B-00C04F79EFBC}") = "service-application", "service-application\service-application.csproj", "{C4CDB8BF-E4B5-46B3-92DF-4D5D17D11EB1}"
EndProject
Global
	GlobalSection(SolutionConfigurationPlatforms) = preSolution
		Debug|Any CPU = Debug|Any CPU
		Release|Any CPU = Release|Any CPU
	EndGlobalSection
	GlobalSection(ProjectConfigurationPlatforms) = postSolution
		{C4CDB8BF-E4B5-46B3-92DF-4D5D17D11EB1}.Debug|Any CPU.ActiveCfg = Debug|Any CPU
		{C4CDB8BF-E4B5-46B3-92DF-4D5D17D11EB1}.Debug|Any CPU.Build.0 = Debug|Any CPU
		{C4CDB8BF-E4B5-46B3-92DF-4D5D17D11EB1}.Release|Any CPU.ActiveCfg = Release|Any CPU
		{C4CDB8BF-E4B5-46B3-92DF-4D5D17D11EB1}.Release|Any CPU.Build.0 = Release|Any CPU
	EndGlobalSection
	GlobalSection(SolutionProperties) = preSolution
		HideSolutionNode = FALSE
	EndGlobalSection
	GlobalSection(ExtensibilityGlobals) = postSolution
		SolutionGuid = {571AE9E3-1140-4DBF-8355-F49445534E33}
	EndGlobalSection
EndGlobal
