
Microsoft Visual Studio Solution File, Format Version 12.00
# Visual Studio Version 17
VisualStudioVersion = 17.7.34221.43
MinimumVisualStudioVersion = 10.0.40219.1
Project("{9A19103F-16F7-4668-BE54-9A1E7A4F7556}") = "service-application", "service-application\service-application.csproj", "{C4CDB8BF-E4B5-46B3-92DF-4D5D17D11EB1}"
EndProject
Project("{9A19103F-16F7-4668-BE54-9A1E7A4F7556}") = "service-data", "service-data\service-data.csproj", "{D7E0DE9A-FDF6-4B1C-8422-B44D6C7552F8}"
EndProject
Project("{FAE04EC0-301F-11D3-BF4B-00C04F79EFBC}") = "service-repository", "service-repository\service-repository.csproj", "{AB53C8D9-BA0D-4172-B805-78636C05025B}"
EndProject
Project("{FAE04EC0-301F-11D3-BF4B-00C04F79EFBC}") = "service-logic", "service-logic\service-logic.csproj", "{42E5AC2D-639C-4FC7-88B3-F024F796EB19}"
EndProject
Global
	GlobalSection(SolutionConfigurationPlatforms) = preSolution
		Debug|Any CPU = Debug|Any CPU
		Release|Any CPU = Release|Any CPU
	EndGlobalSection
	GlobalSection(ProjectConfigurationPlatforms) = postSolution
		{C4CDB8BF-E4B5-46B3-92DF-4D5D17D11EB1}.Debug|Any CPU.ActiveCfg = Debug|Any CPU
		{C4CDB8BF-E4B5-46B3-92DF-4D5D17D11EB1}.Debug|Any CPU.Build.0 = Debug|Any CPU
		{C4CDB8BF-E4B5-46B3-92DF-4D5D17D11EB1}.Release|Any CPU.ActiveCfg = Release|Any CPU
		{C4CDB8BF-E4B5-46B3-92DF-4D5D17D11EB1}.Release|Any CPU.Build.0 = Release|Any CPU
		{D7E0DE9A-FDF6-4B1C-8422-B44D6C7552F8}.Debug|Any CPU.ActiveCfg = Debug|Any CPU
		{D7E0DE9A-FDF6-4B1C-8422-B44D6C7552F8}.Debug|Any CPU.Build.0 = Debug|Any CPU
		{D7E0DE9A-FDF6-4B1C-8422-B44D6C7552F8}.Release|Any CPU.ActiveCfg = Release|Any CPU
		{D7E0DE9A-FDF6-4B1C-8422-B44D6C7552F8}.Release|Any CPU.Build.0 = Release|Any CPU
		{AB53C8D9-BA0D-4172-B805-78636C05025B}.Debug|Any CPU.ActiveCfg = Debug|Any CPU
		{AB53C8D9-BA0D-4172-B805-78636C05025B}.Debug|Any CPU.Build.0 = Debug|Any CPU
		{AB53C8D9-BA0D-4172-B805-78636C05025B}.Release|Any CPU.ActiveCfg = Release|Any CPU
		{AB53C8D9-BA0D-4172-B805-78636C05025B}.Release|Any CPU.Build.0 = Release|Any CPU
		{42E5AC2D-639C-4FC7-88B3-F024F796EB19}.Debug|Any CPU.ActiveCfg = Debug|Any CPU
		{42E5AC2D-639C-4FC7-88B3-F024F796EB19}.Debug|Any CPU.Build.0 = Debug|Any CPU
		{42E5AC2D-639C-4FC7-88B3-F024F796EB19}.Release|Any CPU.ActiveCfg = Release|Any CPU
		{42E5AC2D-639C-4FC7-88B3-F024F796EB19}.Release|Any CPU.Build.0 = Release|Any CPU
	EndGlobalSection
	GlobalSection(SolutionProperties) = preSolution
		HideSolutionNode = FALSE
	EndGlobalSection
	GlobalSection(ExtensibilityGlobals) = postSolution
		SolutionGuid = {571AE9E3-1140-4DBF-8355-F49445534E33}
	EndGlobalSection
EndGlobal
